
Microsoft Visual Studio Solution File, Format Version 12.00
# Visual Studio Version 17
VisualStudioVersion = 17.14.36915.13 d17.14
MinimumVisualStudioVersion = 10.0.40219.1
Project("{FAE04EC0-301F-11D3-BF4B-00C04F79EFBC}") = "Liquido", "Liquido\Liquido.csproj", "{E933A06B-3582-49F0-8AED-C69ED1BF8E46}"
EndProject
Global
	GlobalSection(SolutionConfigurationPlatforms) = preSolution
		Debug|Any CPU = Debug|Any CPU
		Release|Any CPU = Release|Any CPU
	EndGlobalSection
	GlobalSection(ProjectConfigurationPlatforms) = postSolution
		{E933A06B-3582-49F0-8AED-C69ED1BF8E46}.Debug|Any CPU.ActiveCfg = Debug|Any CPU
		{E933A06B-3582-49F0-8AED-C69ED1BF8E46}.Debug|Any CPU.Build.0 = Debug|Any CPU
		{E933A06B-3582-49F0-8AED-C69ED1BF8E46}.Release|Any CPU.ActiveCfg = Release|Any CPU
		{E933A06B-3582-49F0-8AED-C69ED1BF8E46}.Release|Any CPU.Build.0 = Release|Any CPU
	EndGlobalSection
	GlobalSection(SolutionProperties) = preSolution
		HideSolutionNode = FALSE
	EndGlobalSection
	GlobalSection(ExtensibilityGlobals) = postSolution
		SolutionGuid = {66D5B7CB-30B3-4749-A755-B42CBD289D6F}
	EndGlobalSection
EndGlobal
